// !$*UTF8*$!
{
	archiveVersion = 1;
	classes = {
	};
	objectVersion = 56;
	objects = {

/* Begin PBXBuildFile section */
		9CE04B90C414010A81517172 /* Pods_MoviesApp_MoviesAppUITests.framework in Frameworks */ = {isa = PBXBuildFile; fileRef = 2896B6169017FCF97F8481D4 /* Pods_MoviesApp_MoviesAppUITests.framework */; };
		9D06B2362C245466005CC698 /* MovieDetailsVM.swift in Sources */ = {isa = PBXBuildFile; fileRef = 9D06B22C2C245466005CC698 /* MovieDetailsVM.swift */; };
		9D06B2372C245466005CC698 /* MovieDetailsVC.xib in Resources */ = {isa = PBXBuildFile; fileRef = 9D06B22D2C245466005CC698 /* MovieDetailsVC.xib */; };
		9D06B2382C245466005CC698 /* MovieDetailsVC.swift in Sources */ = {isa = PBXBuildFile; fileRef = 9D06B22E2C245466005CC698 /* MovieDetailsVC.swift */; };
		9D06B2392C245466005CC698 /* DetailCell.swift in Sources */ = {isa = PBXBuildFile; fileRef = 9D06B2302C245466005CC698 /* DetailCell.swift */; };
		9D06B23A2C245466005CC698 /* DetailImageCell.swift in Sources */ = {isa = PBXBuildFile; fileRef = 9D06B2312C245466005CC698 /* DetailImageCell.swift */; };
		9D06B23B2C245466005CC698 /* DetailTrailerShareCell.xib in Resources */ = {isa = PBXBuildFile; fileRef = 9D06B2322C245466005CC698 /* DetailTrailerShareCell.xib */; };
		9D06B23C2C245466005CC698 /* DetailCell.xib in Resources */ = {isa = PBXBuildFile; fileRef = 9D06B2332C245466005CC698 /* DetailCell.xib */; };
		9D06B23D2C245466005CC698 /* DetailTrailerShareCell.swift in Sources */ = {isa = PBXBuildFile; fileRef = 9D06B2342C245466005CC698 /* DetailTrailerShareCell.swift */; };
		9D06B23E2C245466005CC698 /* DetailImageCell.xib in Resources */ = {isa = PBXBuildFile; fileRef = 9D06B2352C245466005CC698 /* DetailImageCell.xib */; };
		9D43F2702C2447C6009A4613 /* VideoData.swift in Sources */ = {isa = PBXBuildFile; fileRef = 9D43F26F2C2447C6009A4613 /* VideoData.swift */; };
		9D43F2802C244821009A4613 /* TrailerVC.swift in Sources */ = {isa = PBXBuildFile; fileRef = 9D43F27E2C244821009A4613 /* TrailerVC.swift */; };
		9D43F2812C244821009A4613 /* TrailerVC.xib in Resources */ = {isa = PBXBuildFile; fileRef = 9D43F27F2C244821009A4613 /* TrailerVC.xib */; };
		9D55D22E2C220CCD000FEFAB /* AppDelegate.swift in Sources */ = {isa = PBXBuildFile; fileRef = 9D55D22D2C220CCD000FEFAB /* AppDelegate.swift */; };
		9D55D2302C220CCD000FEFAB /* SceneDelegate.swift in Sources */ = {isa = PBXBuildFile; fileRef = 9D55D22F2C220CCD000FEFAB /* SceneDelegate.swift */; };
		9D55D2372C220CCE000FEFAB /* Assets.xcassets in Resources */ = {isa = PBXBuildFile; fileRef = 9D55D2362C220CCE000FEFAB /* Assets.xcassets */; };
		9D55D23A2C220CCE000FEFAB /* LaunchScreen.storyboard in Resources */ = {isa = PBXBuildFile; fileRef = 9D55D2382C220CCE000FEFAB /* LaunchScreen.storyboard */; };
		9D55D2452C220CCF000FEFAB /* MoviesAppTests.swift in Sources */ = {isa = PBXBuildFile; fileRef = 9D55D2442C220CCF000FEFAB /* MoviesAppTests.swift */; };
		9D55D24F2C220CCF000FEFAB /* MoviesAppUITests.swift in Sources */ = {isa = PBXBuildFile; fileRef = 9D55D24E2C220CCF000FEFAB /* MoviesAppUITests.swift */; };
		9D55D2512C220CCF000FEFAB /* MoviesAppUITestsLaunchTests.swift in Sources */ = {isa = PBXBuildFile; fileRef = 9D55D2502C220CCF000FEFAB /* MoviesAppUITestsLaunchTests.swift */; };
		9D55D2652C22205A000FEFAB /* AppConstant.swift in Sources */ = {isa = PBXBuildFile; fileRef = 9D55D2642C22205A000FEFAB /* AppConstant.swift */; };
		9D8C0DA12C242D9C00585EB7 /* MainVM.swift in Sources */ = {isa = PBXBuildFile; fileRef = 9D8C0D9C2C242D9C00585EB7 /* MainVM.swift */; };
		9D8C0DA42C242D9C00585EB7 /* MainVC.swift in Sources */ = {isa = PBXBuildFile; fileRef = 9D8C0DA02C242D9C00585EB7 /* MainVC.swift */; };
		9D8C0DA62C242E7F00585EB7 /* NetworkManager.swift in Sources */ = {isa = PBXBuildFile; fileRef = 9D8C0DA52C242E7F00585EB7 /* NetworkManager.swift */; };
		9D8C0DA82C242ED200585EB7 /* MovieData.swift in Sources */ = {isa = PBXBuildFile; fileRef = 9D8C0DA72C242ED200585EB7 /* MovieData.swift */; };
		9D8C0DAB2C242F0000585EB7 /* ExtensionUIViewController.swift in Sources */ = {isa = PBXBuildFile; fileRef = 9D8C0DA92C242F0000585EB7 /* ExtensionUIViewController.swift */; };
		9D8C0DAC2C242F0000585EB7 /* ExtensionUIView.swift in Sources */ = {isa = PBXBuildFile; fileRef = 9D8C0DAA2C242F0000585EB7 /* ExtensionUIView.swift */; };
		9D8C0DC32C242F5400585EB7 /* Utils.swift in Sources */ = {isa = PBXBuildFile; fileRef = 9D8C0DC22C242F5400585EB7 /* Utils.swift */; };
		9D8C0DC62C242FA000585EB7 /* MovieCell.swift in Sources */ = {isa = PBXBuildFile; fileRef = 9D8C0DC42C242FA000585EB7 /* MovieCell.swift */; };
		9D8C0DC72C242FA000585EB7 /* MovieCell.xib in Resources */ = {isa = PBXBuildFile; fileRef = 9D8C0DC52C242FA000585EB7 /* MovieCell.xib */; };
		9D8C0DC92C2430B100585EB7 /* Main.storyboard in Resources */ = {isa = PBXBuildFile; fileRef = 9D8C0DC82C2430B100585EB7 /* Main.storyboard */; };
		9D9AF36C2C256EDC00C2A549 /* OptionsCell.swift in Sources */ = {isa = PBXBuildFile; fileRef = 9D9AF36A2C256EDC00C2A549 /* OptionsCell.swift */; };
		9D9AF36D2C256EDC00C2A549 /* OptionsCell.xib in Resources */ = {isa = PBXBuildFile; fileRef = 9D9AF36B2C256EDC00C2A549 /* OptionsCell.xib */; };
		9D9AF3702C256EEE00C2A549 /* SuggestionsCell.swift in Sources */ = {isa = PBXBuildFile; fileRef = 9D9AF36E2C256EEE00C2A549 /* SuggestionsCell.swift */; };
		9D9AF3712C256EEE00C2A549 /* SuggestionsCell.xib in Resources */ = {isa = PBXBuildFile; fileRef = 9D9AF36F2C256EEE00C2A549 /* SuggestionsCell.xib */; };
		9D9AF3732C25B25700C2A549 /* OptionsSelection.swift in Sources */ = {isa = PBXBuildFile; fileRef = 9D9AF3722C25B25700C2A549 /* OptionsSelection.swift */; };
		D2CD35AB88A30FF9A99BD21B /* Pods_MoviesApp.framework in Frameworks */ = {isa = PBXBuildFile; fileRef = 109CC0CD8A56CFE6EBDE0A89 /* Pods_MoviesApp.framework */; };
		E8F20E12AC62B3E27709F5D5 /* Pods_MoviesAppTests.framework in Frameworks */ = {isa = PBXBuildFile; fileRef = 533FC33BE38C78B386BB8830 /* Pods_MoviesAppTests.framework */; };
/* End PBXBuildFile section */

/* Begin PBXContainerItemProxy section */
		9D55D2412C220CCF000FEFAB /* PBXContainerItemProxy */ = {
			isa = PBXContainerItemProxy;
			containerPortal = 9D55D2222C220CCD000FEFAB /* Project object */;
			proxyType = 1;
			remoteGlobalIDString = 9D55D2292C220CCD000FEFAB;
			remoteInfo = MoviesApp;
		};
		9D55D24B2C220CCF000FEFAB /* PBXContainerItemProxy */ = {
			isa = PBXContainerItemProxy;
			containerPortal = 9D55D2222C220CCD000FEFAB /* Project object */;
			proxyType = 1;
			remoteGlobalIDString = 9D55D2292C220CCD000FEFAB;
			remoteInfo = MoviesApp;
		};
/* End PBXContainerItemProxy section */

/* Begin PBXFileReference section */
		109CC0CD8A56CFE6EBDE0A89 /* Pods_MoviesApp.framework */ = {isa = PBXFileReference; explicitFileType = wrapper.framework; includeInIndex = 0; path = Pods_MoviesApp.framework; sourceTree = BUILT_PRODUCTS_DIR; };
		22EB1E2C012E45E6C063D8C0 /* Pods-MoviesAppTests.debug.xcconfig */ = {isa = PBXFileReference; includeInIndex = 1; lastKnownFileType = text.xcconfig; name = "Pods-MoviesAppTests.debug.xcconfig"; path = "Target Support Files/Pods-MoviesAppTests/Pods-MoviesAppTests.debug.xcconfig"; sourceTree = "<group>"; };
		23E580315517AB8C4098C143 /* Pods-MoviesApp.release.xcconfig */ = {isa = PBXFileReference; includeInIndex = 1; lastKnownFileType = text.xcconfig; name = "Pods-MoviesApp.release.xcconfig"; path = "Target Support Files/Pods-MoviesApp/Pods-MoviesApp.release.xcconfig"; sourceTree = "<group>"; };
		2896B6169017FCF97F8481D4 /* Pods_MoviesApp_MoviesAppUITests.framework */ = {isa = PBXFileReference; explicitFileType = wrapper.framework; includeInIndex = 0; path = Pods_MoviesApp_MoviesAppUITests.framework; sourceTree = BUILT_PRODUCTS_DIR; };
		533FC33BE38C78B386BB8830 /* Pods_MoviesAppTests.framework */ = {isa = PBXFileReference; explicitFileType = wrapper.framework; includeInIndex = 0; path = Pods_MoviesAppTests.framework; sourceTree = BUILT_PRODUCTS_DIR; };
		6505C2B441050F241ECF0FBA /* Pods-MoviesApp-MoviesAppUITests.release.xcconfig */ = {isa = PBXFileReference; includeInIndex = 1; lastKnownFileType = text.xcconfig; name = "Pods-MoviesApp-MoviesAppUITests.release.xcconfig"; path = "Target Support Files/Pods-MoviesApp-MoviesAppUITests/Pods-MoviesApp-MoviesAppUITests.release.xcconfig"; sourceTree = "<group>"; };
		9392D355F38E1C3B8C65706D /* Pods-MoviesApp.debug.xcconfig */ = {isa = PBXFileReference; includeInIndex = 1; lastKnownFileType = text.xcconfig; name = "Pods-MoviesApp.debug.xcconfig"; path = "Target Support Files/Pods-MoviesApp/Pods-MoviesApp.debug.xcconfig"; sourceTree = "<group>"; };
		9D06B22C2C245466005CC698 /* MovieDetailsVM.swift */ = {isa = PBXFileReference; fileEncoding = 4; lastKnownFileType = sourcecode.swift; path = MovieDetailsVM.swift; sourceTree = "<group>"; };
		9D06B22D2C245466005CC698 /* MovieDetailsVC.xib */ = {isa = PBXFileReference; fileEncoding = 4; lastKnownFileType = file.xib; path = MovieDetailsVC.xib; sourceTree = "<group>"; };
		9D06B22E2C245466005CC698 /* MovieDetailsVC.swift */ = {isa = PBXFileReference; fileEncoding = 4; lastKnownFileType = sourcecode.swift; path = MovieDetailsVC.swift; sourceTree = "<group>"; };
		9D06B2302C245466005CC698 /* DetailCell.swift */ = {isa = PBXFileReference; fileEncoding = 4; lastKnownFileType = sourcecode.swift; path = DetailCell.swift; sourceTree = "<group>"; };
		9D06B2312C245466005CC698 /* DetailImageCell.swift */ = {isa = PBXFileReference; fileEncoding = 4; lastKnownFileType = sourcecode.swift; path = DetailImageCell.swift; sourceTree = "<group>"; };
		9D06B2322C245466005CC698 /* DetailTrailerShareCell.xib */ = {isa = PBXFileReference; fileEncoding = 4; lastKnownFileType = file.xib; path = DetailTrailerShareCell.xib; sourceTree = "<group>"; };
		9D06B2332C245466005CC698 /* DetailCell.xib */ = {isa = PBXFileReference; fileEncoding = 4; lastKnownFileType = file.xib; path = DetailCell.xib; sourceTree = "<group>"; };
		9D06B2342C245466005CC698 /* DetailTrailerShareCell.swift */ = {isa = PBXFileReference; fileEncoding = 4; lastKnownFileType = sourcecode.swift; path = DetailTrailerShareCell.swift; sourceTree = "<group>"; };
		9D06B2352C245466005CC698 /* DetailImageCell.xib */ = {isa = PBXFileReference; fileEncoding = 4; lastKnownFileType = file.xib; path = DetailImageCell.xib; sourceTree = "<group>"; };
		9D43F26F2C2447C6009A4613 /* VideoData.swift */ = {isa = PBXFileReference; lastKnownFileType = sourcecode.swift; path = VideoData.swift; sourceTree = "<group>"; };
		9D43F27E2C244821009A4613 /* TrailerVC.swift */ = {isa = PBXFileReference; lastKnownFileType = sourcecode.swift; path = TrailerVC.swift; sourceTree = "<group>"; };
		9D43F27F2C244821009A4613 /* TrailerVC.xib */ = {isa = PBXFileReference; lastKnownFileType = file.xib; path = TrailerVC.xib; sourceTree = "<group>"; };
		9D55D22A2C220CCD000FEFAB /* MoviesApp.app */ = {isa = PBXFileReference; explicitFileType = wrapper.application; includeInIndex = 0; path = MoviesApp.app; sourceTree = BUILT_PRODUCTS_DIR; };
		9D55D22D2C220CCD000FEFAB /* AppDelegate.swift */ = {isa = PBXFileReference; lastKnownFileType = sourcecode.swift; path = AppDelegate.swift; sourceTree = "<group>"; };
		9D55D22F2C220CCD000FEFAB /* SceneDelegate.swift */ = {isa = PBXFileReference; lastKnownFileType = sourcecode.swift; path = SceneDelegate.swift; sourceTree = "<group>"; };
		9D55D2362C220CCE000FEFAB /* Assets.xcassets */ = {isa = PBXFileReference; lastKnownFileType = folder.assetcatalog; path = Assets.xcassets; sourceTree = "<group>"; };
		9D55D2392C220CCE000FEFAB /* Base */ = {isa = PBXFileReference; lastKnownFileType = file.storyboard; name = Base; path = Base.lproj/LaunchScreen.storyboard; sourceTree = "<group>"; };
		9D55D23B2C220CCE000FEFAB /* Info.plist */ = {isa = PBXFileReference; lastKnownFileType = text.plist.xml; path = Info.plist; sourceTree = "<group>"; };
		9D55D2402C220CCF000FEFAB /* MoviesAppTests.xctest */ = {isa = PBXFileReference; explicitFileType = wrapper.cfbundle; includeInIndex = 0; path = MoviesAppTests.xctest; sourceTree = BUILT_PRODUCTS_DIR; };
		9D55D2442C220CCF000FEFAB /* MoviesAppTests.swift */ = {isa = PBXFileReference; lastKnownFileType = sourcecode.swift; path = MoviesAppTests.swift; sourceTree = "<group>"; };
		9D55D24A2C220CCF000FEFAB /* MoviesAppUITests.xctest */ = {isa = PBXFileReference; explicitFileType = wrapper.cfbundle; includeInIndex = 0; path = MoviesAppUITests.xctest; sourceTree = BUILT_PRODUCTS_DIR; };
		9D55D24E2C220CCF000FEFAB /* MoviesAppUITests.swift */ = {isa = PBXFileReference; lastKnownFileType = sourcecode.swift; path = MoviesAppUITests.swift; sourceTree = "<group>"; };
		9D55D2502C220CCF000FEFAB /* MoviesAppUITestsLaunchTests.swift */ = {isa = PBXFileReference; lastKnownFileType = sourcecode.swift; path = MoviesAppUITestsLaunchTests.swift; sourceTree = "<group>"; };
		9D55D2642C22205A000FEFAB /* AppConstant.swift */ = {isa = PBXFileReference; lastKnownFileType = sourcecode.swift; path = AppConstant.swift; sourceTree = "<group>"; };
		9D8C0D9C2C242D9C00585EB7 /* MainVM.swift */ = {isa = PBXFileReference; fileEncoding = 4; lastKnownFileType = sourcecode.swift; path = MainVM.swift; sourceTree = "<group>"; };
		9D8C0DA02C242D9C00585EB7 /* MainVC.swift */ = {isa = PBXFileReference; fileEncoding = 4; lastKnownFileType = sourcecode.swift; path = MainVC.swift; sourceTree = "<group>"; };
		9D8C0DA52C242E7F00585EB7 /* NetworkManager.swift */ = {isa = PBXFileReference; fileEncoding = 4; lastKnownFileType = sourcecode.swift; path = NetworkManager.swift; sourceTree = "<group>"; };
		9D8C0DA72C242ED200585EB7 /* MovieData.swift */ = {isa = PBXFileReference; fileEncoding = 4; lastKnownFileType = sourcecode.swift; path = MovieData.swift; sourceTree = "<group>"; };
		9D8C0DA92C242F0000585EB7 /* ExtensionUIViewController.swift */ = {isa = PBXFileReference; fileEncoding = 4; lastKnownFileType = sourcecode.swift; path = ExtensionUIViewController.swift; sourceTree = "<group>"; };
		9D8C0DAA2C242F0000585EB7 /* ExtensionUIView.swift */ = {isa = PBXFileReference; fileEncoding = 4; lastKnownFileType = sourcecode.swift; name = ExtensionUIView.swift; path = "../../../Desktop/hapoalim 2/Extensions/ExtensionUIView.swift"; sourceTree = "<group>"; };
		9D8C0DC22C242F5400585EB7 /* Utils.swift */ = {isa = PBXFileReference; fileEncoding = 4; lastKnownFileType = sourcecode.swift; path = Utils.swift; sourceTree = "<group>"; };
		9D8C0DC42C242FA000585EB7 /* MovieCell.swift */ = {isa = PBXFileReference; lastKnownFileType = sourcecode.swift; path = MovieCell.swift; sourceTree = "<group>"; };
		9D8C0DC52C242FA000585EB7 /* MovieCell.xib */ = {isa = PBXFileReference; lastKnownFileType = file.xib; path = MovieCell.xib; sourceTree = "<group>"; };
		9D8C0DC82C2430B100585EB7 /* Main.storyboard */ = {isa = PBXFileReference; lastKnownFileType = file.storyboard; path = Main.storyboard; sourceTree = "<group>"; };
		9D9AF36A2C256EDC00C2A549 /* OptionsCell.swift */ = {isa = PBXFileReference; lastKnownFileType = sourcecode.swift; path = OptionsCell.swift; sourceTree = "<group>"; };
		9D9AF36B2C256EDC00C2A549 /* OptionsCell.xib */ = {isa = PBXFileReference; lastKnownFileType = file.xib; path = OptionsCell.xib; sourceTree = "<group>"; };
		9D9AF36E2C256EEE00C2A549 /* SuggestionsCell.swift */ = {isa = PBXFileReference; lastKnownFileType = sourcecode.swift; path = SuggestionsCell.swift; sourceTree = "<group>"; };
		9D9AF36F2C256EEE00C2A549 /* SuggestionsCell.xib */ = {isa = PBXFileReference; lastKnownFileType = file.xib; path = SuggestionsCell.xib; sourceTree = "<group>"; };
		9D9AF3722C25B25700C2A549 /* OptionsSelection.swift */ = {isa = PBXFileReference; lastKnownFileType = sourcecode.swift; path = OptionsSelection.swift; sourceTree = "<group>"; };
		B66D37F6E89E38D4AF544837 /* Pods-MoviesAppTests.release.xcconfig */ = {isa = PBXFileReference; includeInIndex = 1; lastKnownFileType = text.xcconfig; name = "Pods-MoviesAppTests.release.xcconfig"; path = "Target Support Files/Pods-MoviesAppTests/Pods-MoviesAppTests.release.xcconfig"; sourceTree = "<group>"; };
		D9392332D22F2969C91C94E1 /* Pods-MoviesApp-MoviesAppUITests.debug.xcconfig */ = {isa = PBXFileReference; includeInIndex = 1; lastKnownFileType = text.xcconfig; name = "Pods-MoviesApp-MoviesAppUITests.debug.xcconfig"; path = "Target Support Files/Pods-MoviesApp-MoviesAppUITests/Pods-MoviesApp-MoviesAppUITests.debug.xcconfig"; sourceTree = "<group>"; };
/* End PBXFileReference section */

/* Begin PBXFrameworksBuildPhase section */
		9D55D2272C220CCD000FEFAB /* Frameworks */ = {
			isa = PBXFrameworksBuildPhase;
			buildActionMask = 2147483647;
			files = (
				D2CD35AB88A30FF9A99BD21B /* Pods_MoviesApp.framework in Frameworks */,
			);
			runOnlyForDeploymentPostprocessing = 0;
		};
		9D55D23D2C220CCF000FEFAB /* Frameworks */ = {
			isa = PBXFrameworksBuildPhase;
			buildActionMask = 2147483647;
			files = (
				E8F20E12AC62B3E27709F5D5 /* Pods_MoviesAppTests.framework in Frameworks */,
			);
			runOnlyForDeploymentPostprocessing = 0;
		};
		9D55D2472C220CCF000FEFAB /* Frameworks */ = {
			isa = PBXFrameworksBuildPhase;
			buildActionMask = 2147483647;
			files = (
				9CE04B90C414010A81517172 /* Pods_MoviesApp_MoviesAppUITests.framework in Frameworks */,
			);
			runOnlyForDeploymentPostprocessing = 0;
		};
/* End PBXFrameworksBuildPhase section */

/* Begin PBXGroup section */
		967F68173EC96A1B45DCD80C /* Frameworks */ = {
			isa = PBXGroup;
			children = (
				109CC0CD8A56CFE6EBDE0A89 /* Pods_MoviesApp.framework */,
				2896B6169017FCF97F8481D4 /* Pods_MoviesApp_MoviesAppUITests.framework */,
				533FC33BE38C78B386BB8830 /* Pods_MoviesAppTests.framework */,
			);
			name = Frameworks;
			sourceTree = "<group>";
		};
		9D06B22F2C245466005CC698 /* Cells */ = {
			isa = PBXGroup;
			children = (
				9D06B2302C245466005CC698 /* DetailCell.swift */,
				9D06B2332C245466005CC698 /* DetailCell.xib */,
				9D06B2312C245466005CC698 /* DetailImageCell.swift */,
				9D06B2352C245466005CC698 /* DetailImageCell.xib */,
				9D06B2342C245466005CC698 /* DetailTrailerShareCell.swift */,
				9D06B2322C245466005CC698 /* DetailTrailerShareCell.xib */,
			);
			path = Cells;
			sourceTree = "<group>";
		};
		9D43F2712C2447F3009A4613 /* VCs */ = {
			isa = PBXGroup;
			children = (
				9D55D2662C22266B000FEFAB /* MainVC */,
				9D43F2722C2447FF009A4613 /* MovieDetailsVC */,
				9D43F27D2C244801009A4613 /* TrailerVC */,
			);
			path = VCs;
			sourceTree = "<group>";
		};
		9D43F2722C2447FF009A4613 /* MovieDetailsVC */ = {
			isa = PBXGroup;
			children = (
				9D06B22C2C245466005CC698 /* MovieDetailsVM.swift */,
				9D06B22E2C245466005CC698 /* MovieDetailsVC.swift */,
				9D06B22D2C245466005CC698 /* MovieDetailsVC.xib */,
				9D06B22F2C245466005CC698 /* Cells */,
			);
			path = MovieDetailsVC;
			sourceTree = "<group>";
		};
		9D43F27D2C244801009A4613 /* TrailerVC */ = {
			isa = PBXGroup;
			children = (
				9D43F27E2C244821009A4613 /* TrailerVC.swift */,
				9D43F27F2C244821009A4613 /* TrailerVC.xib */,
			);
			path = TrailerVC;
			sourceTree = "<group>";
		};
		9D55D2212C220CCD000FEFAB = {
			isa = PBXGroup;
			children = (
				9D55D22C2C220CCD000FEFAB /* MoviesApp */,
				9D55D2432C220CCF000FEFAB /* MoviesAppTests */,
				9D55D24D2C220CCF000FEFAB /* MoviesAppUITests */,
				9D55D22B2C220CCD000FEFAB /* Products */,
				D87D40812BEC2C181673A7A1 /* Pods */,
				967F68173EC96A1B45DCD80C /* Frameworks */,
			);
			sourceTree = "<group>";
		};
		9D55D22B2C220CCD000FEFAB /* Products */ = {
			isa = PBXGroup;
			children = (
				9D55D22A2C220CCD000FEFAB /* MoviesApp.app */,
				9D55D2402C220CCF000FEFAB /* MoviesAppTests.xctest */,
				9D55D24A2C220CCF000FEFAB /* MoviesAppUITests.xctest */,
			);
			name = Products;
			sourceTree = "<group>";
		};
		9D55D22C2C220CCD000FEFAB /* MoviesApp */ = {
			isa = PBXGroup;
			children = (
				9D55D22D2C220CCD000FEFAB /* AppDelegate.swift */,
				9D55D22F2C220CCD000FEFAB /* SceneDelegate.swift */,
				9D55D2362C220CCE000FEFAB /* Assets.xcassets */,
				9D55D2382C220CCE000FEFAB /* LaunchScreen.storyboard */,
				9D55D23B2C220CCE000FEFAB /* Info.plist */,
				9D55D2602C220FFA000FEFAB /* Models */,
				9D55D25D2C220F30000FEFAB /* NetworkManager */,
				9D55D2632C22204A000FEFAB /* AppConstant */,
				9D55D2692C222A27000FEFAB /* Extensions */,
				9D8C0DC12C242F5400585EB7 /* Utils */,
				9D43F2712C2447F3009A4613 /* VCs */,
			);
			path = MoviesApp;
			sourceTree = "<group>";
		};
		9D55D2432C220CCF000FEFAB /* MoviesAppTests */ = {
			isa = PBXGroup;
			children = (
				9D55D2442C220CCF000FEFAB /* MoviesAppTests.swift */,
			);
			path = MoviesAppTests;
			sourceTree = "<group>";
		};
		9D55D24D2C220CCF000FEFAB /* MoviesAppUITests */ = {
			isa = PBXGroup;
			children = (
				9D55D24E2C220CCF000FEFAB /* MoviesAppUITests.swift */,
				9D55D2502C220CCF000FEFAB /* MoviesAppUITestsLaunchTests.swift */,
			);
			path = MoviesAppUITests;
			sourceTree = "<group>";
		};
		9D55D25D2C220F30000FEFAB /* NetworkManager */ = {
			isa = PBXGroup;
			children = (
				9D8C0DA52C242E7F00585EB7 /* NetworkManager.swift */,
			);
			path = NetworkManager;
			sourceTree = "<group>";
		};
		9D55D2602C220FFA000FEFAB /* Models */ = {
			isa = PBXGroup;
			children = (
				9D8C0DA72C242ED200585EB7 /* MovieData.swift */,
				9D43F26F2C2447C6009A4613 /* VideoData.swift */,
				9D9AF3722C25B25700C2A549 /* OptionsSelection.swift */,
			);
			path = Models;
			sourceTree = "<group>";
		};
		9D55D2632C22204A000FEFAB /* AppConstant */ = {
			isa = PBXGroup;
			children = (
				9D55D2642C22205A000FEFAB /* AppConstant.swift */,
			);
			path = AppConstant;
			sourceTree = "<group>";
		};
		9D55D2662C22266B000FEFAB /* MainVC */ = {
			isa = PBXGroup;
			children = (
				9D8C0D9C2C242D9C00585EB7 /* MainVM.swift */,
				9D8C0DA02C242D9C00585EB7 /* MainVC.swift */,
				9D8C0DC82C2430B100585EB7 /* Main.storyboard */,
				9D8C0D9D2C242D9C00585EB7 /* Cells */,
			);
			path = MainVC;
			sourceTree = "<group>";
		};
		9D55D2692C222A27000FEFAB /* Extensions */ = {
			isa = PBXGroup;
			children = (
				9D8C0DAA2C242F0000585EB7 /* ExtensionUIView.swift */,
				9D8C0DA92C242F0000585EB7 /* ExtensionUIViewController.swift */,
			);
			path = Extensions;
			sourceTree = "<group>";
		};
		9D8C0D9D2C242D9C00585EB7 /* Cells */ = {
			isa = PBXGroup;
			children = (
				9D8C0DC42C242FA000585EB7 /* MovieCell.swift */,
				9D8C0DC52C242FA000585EB7 /* MovieCell.xib */,
				9D9AF36A2C256EDC00C2A549 /* OptionsCell.swift */,
				9D9AF36B2C256EDC00C2A549 /* OptionsCell.xib */,
				9D9AF36E2C256EEE00C2A549 /* SuggestionsCell.swift */,
				9D9AF36F2C256EEE00C2A549 /* SuggestionsCell.xib */,
			);
			path = Cells;
			sourceTree = "<group>";
		};
		9D8C0DC12C242F5400585EB7 /* Utils */ = {
			isa = PBXGroup;
			children = (
				9D8C0DC22C242F5400585EB7 /* Utils.swift */,
			);
			name = Utils;
			path = "../../Desktop/hapoalim 2/Utils";
			sourceTree = "<group>";
		};
		D87D40812BEC2C181673A7A1 /* Pods */ = {
			isa = PBXGroup;
			children = (
				9392D355F38E1C3B8C65706D /* Pods-MoviesApp.debug.xcconfig */,
				23E580315517AB8C4098C143 /* Pods-MoviesApp.release.xcconfig */,
				D9392332D22F2969C91C94E1 /* Pods-MoviesApp-MoviesAppUITests.debug.xcconfig */,
				6505C2B441050F241ECF0FBA /* Pods-MoviesApp-MoviesAppUITests.release.xcconfig */,
				22EB1E2C012E45E6C063D8C0 /* Pods-MoviesAppTests.debug.xcconfig */,
				B66D37F6E89E38D4AF544837 /* Pods-MoviesAppTests.release.xcconfig */,
			);
			path = Pods;
			sourceTree = "<group>";
		};
/* End PBXGroup section */

/* Begin PBXNativeTarget section */
		9D55D2292C220CCD000FEFAB /* MoviesApp */ = {
			isa = PBXNativeTarget;
			buildConfigurationList = 9D55D2542C220CCF000FEFAB /* Build configuration list for PBXNativeTarget "MoviesApp" */;
			buildPhases = (
				743BDD95B35D8E7A5AB404E4 /* [CP] Check Pods Manifest.lock */,
				9D55D2262C220CCD000FEFAB /* Sources */,
				9D55D2272C220CCD000FEFAB /* Frameworks */,
				9D55D2282C220CCD000FEFAB /* Resources */,
				464E527C658A6DB7A4809628 /* [CP] Embed Pods Frameworks */,
			);
			buildRules = (
			);
			dependencies = (
			);
			name = MoviesApp;
			productName = MoviesApp;
			productReference = 9D55D22A2C220CCD000FEFAB /* MoviesApp.app */;
			productType = "com.apple.product-type.application";
		};
		9D55D23F2C220CCF000FEFAB /* MoviesAppTests */ = {
			isa = PBXNativeTarget;
			buildConfigurationList = 9D55D2572C220CCF000FEFAB /* Build configuration list for PBXNativeTarget "MoviesAppTests" */;
			buildPhases = (
				313A75F07CB235CCDF562082 /* [CP] Check Pods Manifest.lock */,
				9D55D23C2C220CCF000FEFAB /* Sources */,
				9D55D23D2C220CCF000FEFAB /* Frameworks */,
				9D55D23E2C220CCF000FEFAB /* Resources */,
			);
			buildRules = (
			);
			dependencies = (
				9D55D2422C220CCF000FEFAB /* PBXTargetDependency */,
			);
			name = MoviesAppTests;
			productName = MoviesAppTests;
			productReference = 9D55D2402C220CCF000FEFAB /* MoviesAppTests.xctest */;
			productType = "com.apple.product-type.bundle.unit-test";
		};
		9D55D2492C220CCF000FEFAB /* MoviesAppUITests */ = {
			isa = PBXNativeTarget;
			buildConfigurationList = 9D55D25A2C220CCF000FEFAB /* Build configuration list for PBXNativeTarget "MoviesAppUITests" */;
			buildPhases = (
				AD8AAD5A6989D5AAC14666CC /* [CP] Check Pods Manifest.lock */,
				9D55D2462C220CCF000FEFAB /* Sources */,
				9D55D2472C220CCF000FEFAB /* Frameworks */,
				9D55D2482C220CCF000FEFAB /* Resources */,
				173B16BE6E0A311D0DF1DD02 /* [CP] Embed Pods Frameworks */,
			);
			buildRules = (
			);
			dependencies = (
				9D55D24C2C220CCF000FEFAB /* PBXTargetDependency */,
			);
			name = MoviesAppUITests;
			productName = MoviesAppUITests;
			productReference = 9D55D24A2C220CCF000FEFAB /* MoviesAppUITests.xctest */;
			productType = "com.apple.product-type.bundle.ui-testing";
		};
/* End PBXNativeTarget section */

/* Begin PBXProject section */
		9D55D2222C220CCD000FEFAB /* Project object */ = {
			isa = PBXProject;
			attributes = {
				BuildIndependentTargetsInParallel = 1;
				LastSwiftUpdateCheck = 1520;
				LastUpgradeCheck = 1520;
				TargetAttributes = {
					9D55D2292C220CCD000FEFAB = {
						CreatedOnToolsVersion = 15.2;
					};
					9D55D23F2C220CCF000FEFAB = {
						CreatedOnToolsVersion = 15.2;
						TestTargetID = 9D55D2292C220CCD000FEFAB;
					};
					9D55D2492C220CCF000FEFAB = {
						CreatedOnToolsVersion = 15.2;
						TestTargetID = 9D55D2292C220CCD000FEFAB;
					};
				};
			};
			buildConfigurationList = 9D55D2252C220CCD000FEFAB /* Build configuration list for PBXProject "MoviesApp" */;
			compatibilityVersion = "Xcode 14.0";
			developmentRegion = en;
			hasScannedForEncodings = 0;
			knownRegions = (
				en,
				Base,
			);
			mainGroup = 9D55D2212C220CCD000FEFAB;
			productRefGroup = 9D55D22B2C220CCD000FEFAB /* Products */;
			projectDirPath = "";
			projectRoot = "";
			targets = (
				9D55D2292C220CCD000FEFAB /* MoviesApp */,
				9D55D23F2C220CCF000FEFAB /* MoviesAppTests */,
				9D55D2492C220CCF000FEFAB /* MoviesAppUITests */,
			);
		};
/* End PBXProject section */

/* Begin PBXResourcesBuildPhase section */
		9D55D2282C220CCD000FEFAB /* Resources */ = {
			isa = PBXResourcesBuildPhase;
			buildActionMask = 2147483647;
			files = (
				9D43F2812C244821009A4613 /* TrailerVC.xib in Resources */,
				9D06B23E2C245466005CC698 /* DetailImageCell.xib in Resources */,
				9D06B23B2C245466005CC698 /* DetailTrailerShareCell.xib in Resources */,
				9D06B23C2C245466005CC698 /* DetailCell.xib in Resources */,
				9D9AF36D2C256EDC00C2A549 /* OptionsCell.xib in Resources */,
				9D8C0DC72C242FA000585EB7 /* MovieCell.xib in Resources */,
				9D06B2372C245466005CC698 /* MovieDetailsVC.xib in Resources */,
				9D8C0DC92C2430B100585EB7 /* Main.storyboard in Resources */,
				9D9AF3712C256EEE00C2A549 /* SuggestionsCell.xib in Resources */,
				9D55D23A2C220CCE000FEFAB /* LaunchScreen.storyboard in Resources */,
				9D55D2372C220CCE000FEFAB /* Assets.xcassets in Resources */,
			);
			runOnlyForDeploymentPostprocessing = 0;
		};
		9D55D23E2C220CCF000FEFAB /* Resources */ = {
			isa = PBXResourcesBuildPhase;
			buildActionMask = 2147483647;
			files = (
			);
			runOnlyForDeploymentPostprocessing = 0;
		};
		9D55D2482C220CCF000FEFAB /* Resources */ = {
			isa = PBXResourcesBuildPhase;
			buildActionMask = 2147483647;
			files = (
			);
			runOnlyForDeploymentPostprocessing = 0;
		};
/* End PBXResourcesBuildPhase section */

/* Begin PBXShellScriptBuildPhase section */
		173B16BE6E0A311D0DF1DD02 /* [CP] Embed Pods Frameworks */ = {
			isa = PBXShellScriptBuildPhase;
			buildActionMask = 2147483647;
			files = (
			);
			inputFileListPaths = (
				"${PODS_ROOT}/Target Support Files/Pods-MoviesApp-MoviesAppUITests/Pods-MoviesApp-MoviesAppUITests-frameworks-${CONFIGURATION}-input-files.xcfilelist",
			);
			name = "[CP] Embed Pods Frameworks";
			outputFileListPaths = (
				"${PODS_ROOT}/Target Support Files/Pods-MoviesApp-MoviesAppUITests/Pods-MoviesApp-MoviesAppUITests-frameworks-${CONFIGURATION}-output-files.xcfilelist",
			);
			runOnlyForDeploymentPostprocessing = 0;
			shellPath = /bin/sh;
			shellScript = "\"${PODS_ROOT}/Target Support Files/Pods-MoviesApp-MoviesAppUITests/Pods-MoviesApp-MoviesAppUITests-frameworks.sh\"\n";
			showEnvVarsInLog = 0;
		};
		313A75F07CB235CCDF562082 /* [CP] Check Pods Manifest.lock */ = {
			isa = PBXShellScriptBuildPhase;
			buildActionMask = 2147483647;
			files = (
			);
			inputFileListPaths = (
			);
			inputPaths = (
				"${PODS_PODFILE_DIR_PATH}/Podfile.lock",
				"${PODS_ROOT}/Manifest.lock",
			);
			name = "[CP] Check Pods Manifest.lock";
			outputFileListPaths = (
			);
			outputPaths = (
				"$(DERIVED_FILE_DIR)/Pods-MoviesAppTests-checkManifestLockResult.txt",
			);
			runOnlyForDeploymentPostprocessing = 0;
			shellPath = /bin/sh;
			shellScript = "diff \"${PODS_PODFILE_DIR_PATH}/Podfile.lock\" \"${PODS_ROOT}/Manifest.lock\" > /dev/null\nif [ $? != 0 ] ; then\n    # print error to STDERR\n    echo \"error: The sandbox is not in sync with the Podfile.lock. Run 'pod install' or update your CocoaPods installation.\" >&2\n    exit 1\nfi\n# This output is used by Xcode 'outputs' to avoid re-running this script phase.\necho \"SUCCESS\" > \"${SCRIPT_OUTPUT_FILE_0}\"\n";
			showEnvVarsInLog = 0;
		};
		464E527C658A6DB7A4809628 /* [CP] Embed Pods Frameworks */ = {
			isa = PBXShellScriptBuildPhase;
			buildActionMask = 2147483647;
			files = (
			);
			inputFileListPaths = (
				"${PODS_ROOT}/Target Support Files/Pods-MoviesApp/Pods-MoviesApp-frameworks-${CONFIGURATION}-input-files.xcfilelist",
			);
			name = "[CP] Embed Pods Frameworks";
			outputFileListPaths = (
				"${PODS_ROOT}/Target Support Files/Pods-MoviesApp/Pods-MoviesApp-frameworks-${CONFIGURATION}-output-files.xcfilelist",
			);
			runOnlyForDeploymentPostprocessing = 0;
			shellPath = /bin/sh;
			shellScript = "\"${PODS_ROOT}/Target Support Files/Pods-MoviesApp/Pods-MoviesApp-frameworks.sh\"\n";
			showEnvVarsInLog = 0;
		};
		743BDD95B35D8E7A5AB404E4 /* [CP] Check Pods Manifest.lock */ = {
			isa = PBXShellScriptBuildPhase;
			buildActionMask = 2147483647;
			files = (
			);
			inputFileListPaths = (
			);
			inputPaths = (
				"${PODS_PODFILE_DIR_PATH}/Podfile.lock",
				"${PODS_ROOT}/Manifest.lock",
			);
			name = "[CP] Check Pods Manifest.lock";
			outputFileListPaths = (
			);
			outputPaths = (
				"$(DERIVED_FILE_DIR)/Pods-MoviesApp-checkManifestLockResult.txt",
			);
			runOnlyForDeploymentPostprocessing = 0;
			shellPath = /bin/sh;
			shellScript = "diff \"${PODS_PODFILE_DIR_PATH}/Podfile.lock\" \"${PODS_ROOT}/Manifest.lock\" > /dev/null\nif [ $? != 0 ] ; then\n    # print error to STDERR\n    echo \"error: The sandbox is not in sync with the Podfile.lock. Run 'pod install' or update your CocoaPods installation.\" >&2\n    exit 1\nfi\n# This output is used by Xcode 'outputs' to avoid re-running this script phase.\necho \"SUCCESS\" > \"${SCRIPT_OUTPUT_FILE_0}\"\n";
			showEnvVarsInLog = 0;
		};
		AD8AAD5A6989D5AAC14666CC /* [CP] Check Pods Manifest.lock */ = {
			isa = PBXShellScriptBuildPhase;
			buildActionMask = 2147483647;
			files = (
			);
			inputFileListPaths = (
			);
			inputPaths = (
				"${PODS_PODFILE_DIR_PATH}/Podfile.lock",
				"${PODS_ROOT}/Manifest.lock",
			);
			name = "[CP] Check Pods Manifest.lock";
			outputFileListPaths = (
			);
			outputPaths = (
				"$(DERIVED_FILE_DIR)/Pods-MoviesApp-MoviesAppUITests-checkManifestLockResult.txt",
			);
			runOnlyForDeploymentPostprocessing = 0;
			shellPath = /bin/sh;
			shellScript = "diff \"${PODS_PODFILE_DIR_PATH}/Podfile.lock\" \"${PODS_ROOT}/Manifest.lock\" > /dev/null\nif [ $? != 0 ] ; then\n    # print error to STDERR\n    echo \"error: The sandbox is not in sync with the Podfile.lock. Run 'pod install' or update your CocoaPods installation.\" >&2\n    exit 1\nfi\n# This output is used by Xcode 'outputs' to avoid re-running this script phase.\necho \"SUCCESS\" > \"${SCRIPT_OUTPUT_FILE_0}\"\n";
			showEnvVarsInLog = 0;
		};
/* End PBXShellScriptBuildPhase section */

/* Begin PBXSourcesBuildPhase section */
		9D55D2262C220CCD000FEFAB /* Sources */ = {
			isa = PBXSourcesBuildPhase;
			buildActionMask = 2147483647;
			files = (
				9D06B2362C245466005CC698 /* MovieDetailsVM.swift in Sources */,
				9D9AF3732C25B25700C2A549 /* OptionsSelection.swift in Sources */,
				9D43F2802C244821009A4613 /* TrailerVC.swift in Sources */,
				9D8C0DA62C242E7F00585EB7 /* NetworkManager.swift in Sources */,
				9D8C0DA12C242D9C00585EB7 /* MainVM.swift in Sources */,
				9D06B23D2C245466005CC698 /* DetailTrailerShareCell.swift in Sources */,
				9D8C0DAB2C242F0000585EB7 /* ExtensionUIViewController.swift in Sources */,
				9D8C0DAC2C242F0000585EB7 /* ExtensionUIView.swift in Sources */,
				9D8C0DC32C242F5400585EB7 /* Utils.swift in Sources */,
				9D8C0DA82C242ED200585EB7 /* MovieData.swift in Sources */,
				9D55D22E2C220CCD000FEFAB /* AppDelegate.swift in Sources */,
				9D8C0DA42C242D9C00585EB7 /* MainVC.swift in Sources */,
				9D9AF36C2C256EDC00C2A549 /* OptionsCell.swift in Sources */,
				9D06B23A2C245466005CC698 /* DetailImageCell.swift in Sources */,
				9D8C0DC62C242FA000585EB7 /* MovieCell.swift in Sources */,
				9D55D2652C22205A000FEFAB /* AppConstant.swift in Sources */,
				9D9AF3702C256EEE00C2A549 /* SuggestionsCell.swift in Sources */,
				9D43F2702C2447C6009A4613 /* VideoData.swift in Sources */,
				9D55D2302C220CCD000FEFAB /* SceneDelegate.swift in Sources */,
				9D06B2392C245466005CC698 /* DetailCell.swift in Sources */,
				9D06B2382C245466005CC698 /* MovieDetailsVC.swift in Sources */,
			);
			runOnlyForDeploymentPostprocessing = 0;
		};
		9D55D23C2C220CCF000FEFAB /* Sources */ = {
			isa = PBXSourcesBuildPhase;
			buildActionMask = 2147483647;
			files = (
				9D55D2452C220CCF000FEFAB /* MoviesAppTests.swift in Sources */,
			);
			runOnlyForDeploymentPostprocessing = 0;
		};
		9D55D2462C220CCF000FEFAB /* Sources */ = {
			isa = PBXSourcesBuildPhase;
			buildActionMask = 2147483647;
			files = (
				9D55D24F2C220CCF000FEFAB /* MoviesAppUITests.swift in Sources */,
				9D55D2512C220CCF000FEFAB /* MoviesAppUITestsLaunchTests.swift in Sources */,
			);
			runOnlyForDeploymentPostprocessing = 0;
		};
/* End PBXSourcesBuildPhase section */

/* Begin PBXTargetDependency section */
		9D55D2422C220CCF000FEFAB /* PBXTargetDependency */ = {
			isa = PBXTargetDependency;
			target = 9D55D2292C220CCD000FEFAB /* MoviesApp */;
			targetProxy = 9D55D2412C220CCF000FEFAB /* PBXContainerItemProxy */;
		};
		9D55D24C2C220CCF000FEFAB /* PBXTargetDependency */ = {
			isa = PBXTargetDependency;
			target = 9D55D2292C220CCD000FEFAB /* MoviesApp */;
			targetProxy = 9D55D24B2C220CCF000FEFAB /* PBXContainerItemProxy */;
		};
/* End PBXTargetDependency section */

/* Begin PBXVariantGroup section */
		9D55D2382C220CCE000FEFAB /* LaunchScreen.storyboard */ = {
			isa = PBXVariantGroup;
			children = (
				9D55D2392C220CCE000FEFAB /* Base */,
			);
			name = LaunchScreen.storyboard;
			sourceTree = "<group>";
		};
/* End PBXVariantGroup section */

/* Begin XCBuildConfiguration section */
		9D55D2522C220CCF000FEFAB /* Debug */ = {
			isa = XCBuildConfiguration;
			buildSettings = {
				ALWAYS_SEARCH_USER_PATHS = NO;
				ASSETCATALOG_COMPILER_GENERATE_SWIFT_ASSET_SYMBOL_EXTENSIONS = YES;
				CLANG_ANALYZER_NONNULL = YES;
				CLANG_ANALYZER_NUMBER_OBJECT_CONVERSION = YES_AGGRESSIVE;
				CLANG_CXX_LANGUAGE_STANDARD = "gnu++20";
				CLANG_ENABLE_MODULES = YES;
				CLANG_ENABLE_OBJC_ARC = YES;
				CLANG_ENABLE_OBJC_WEAK = YES;
				CLANG_WARN_BLOCK_CAPTURE_AUTORELEASING = YES;
				CLANG_WARN_BOOL_CONVERSION = YES;
				CLANG_WARN_COMMA = YES;
				CLANG_WARN_CONSTANT_CONVERSION = YES;
				CLANG_WARN_DEPRECATED_OBJC_IMPLEMENTATIONS = YES;
				CLANG_WARN_DIRECT_OBJC_ISA_USAGE = YES_ERROR;
				CLANG_WARN_DOCUMENTATION_COMMENTS = YES;
				CLANG_WARN_EMPTY_BODY = YES;
				CLANG_WARN_ENUM_CONVERSION = YES;
				CLANG_WARN_INFINITE_RECURSION = YES;
				CLANG_WARN_INT_CONVERSION = YES;
				CLANG_WARN_NON_LITERAL_NULL_CONVERSION = YES;
				CLANG_WARN_OBJC_IMPLICIT_RETAIN_SELF = YES;
				CLANG_WARN_OBJC_LITERAL_CONVERSION = YES;
				CLANG_WARN_OBJC_ROOT_CLASS = YES_ERROR;
				CLANG_WARN_QUOTED_INCLUDE_IN_FRAMEWORK_HEADER = YES;
				CLANG_WARN_RANGE_LOOP_ANALYSIS = YES;
				CLANG_WARN_STRICT_PROTOTYPES = YES;
				CLANG_WARN_SUSPICIOUS_MOVE = YES;
				CLANG_WARN_UNGUARDED_AVAILABILITY = YES_AGGRESSIVE;
				CLANG_WARN_UNREACHABLE_CODE = YES;
				CLANG_WARN__DUPLICATE_METHOD_MATCH = YES;
				COPY_PHASE_STRIP = NO;
				DEBUG_INFORMATION_FORMAT = dwarf;
				ENABLE_STRICT_OBJC_MSGSEND = YES;
				ENABLE_TESTABILITY = YES;
				ENABLE_USER_SCRIPT_SANDBOXING = YES;
				GCC_C_LANGUAGE_STANDARD = gnu17;
				GCC_DYNAMIC_NO_PIC = NO;
				GCC_NO_COMMON_BLOCKS = YES;
				GCC_OPTIMIZATION_LEVEL = 0;
				GCC_PREPROCESSOR_DEFINITIONS = (
					"DEBUG=1",
					"$(inherited)",
				);
				GCC_WARN_64_TO_32_BIT_CONVERSION = YES;
				GCC_WARN_ABOUT_RETURN_TYPE = YES_ERROR;
				GCC_WARN_UNDECLARED_SELECTOR = YES;
				GCC_WARN_UNINITIALIZED_AUTOS = YES_AGGRESSIVE;
				GCC_WARN_UNUSED_FUNCTION = YES;
				GCC_WARN_UNUSED_VARIABLE = YES;
				IPHONEOS_DEPLOYMENT_TARGET = 17.2;
				LOCALIZATION_PREFERS_STRING_CATALOGS = YES;
				MTL_ENABLE_DEBUG_INFO = INCLUDE_SOURCE;
				MTL_FAST_MATH = YES;
				ONLY_ACTIVE_ARCH = YES;
				SDKROOT = iphoneos;
				SWIFT_ACTIVE_COMPILATION_CONDITIONS = "DEBUG $(inherited)";
				SWIFT_OPTIMIZATION_LEVEL = "-Onone";
			};
			name = Debug;
		};
		9D55D2532C220CCF000FEFAB /* Release */ = {
			isa = XCBuildConfiguration;
			buildSettings = {
				ALWAYS_SEARCH_USER_PATHS = NO;
				ASSETCATALOG_COMPILER_GENERATE_SWIFT_ASSET_SYMBOL_EXTENSIONS = YES;
				CLANG_ANALYZER_NONNULL = YES;
				CLANG_ANALYZER_NUMBER_OBJECT_CONVERSION = YES_AGGRESSIVE;
				CLANG_CXX_LANGUAGE_STANDARD = "gnu++20";
				CLANG_ENABLE_MODULES = YES;
				CLANG_ENABLE_OBJC_ARC = YES;
				CLANG_ENABLE_OBJC_WEAK = YES;
				CLANG_WARN_BLOCK_CAPTURE_AUTORELEASING = YES;
				CLANG_WARN_BOOL_CONVERSION = YES;
				CLANG_WARN_COMMA = YES;
				CLANG_WARN_CONSTANT_CONVERSION = YES;
				CLANG_WARN_DEPRECATED_OBJC_IMPLEMENTATIONS = YES;
				CLANG_WARN_DIRECT_OBJC_ISA_USAGE = YES_ERROR;
				CLANG_WARN_DOCUMENTATION_COMMENTS = YES;
				CLANG_WARN_EMPTY_BODY = YES;
				CLANG_WARN_ENUM_CONVERSION = YES;
				CLANG_WARN_INFINITE_RECURSION = YES;
				CLANG_WARN_INT_CONVERSION = YES;
				CLANG_WARN_NON_LITERAL_NULL_CONVERSION = YES;
				CLANG_WARN_OBJC_IMPLICIT_RETAIN_SELF = YES;
				CLANG_WARN_OBJC_LITERAL_CONVERSION = YES;
				CLANG_WARN_OBJC_ROOT_CLASS = YES_ERROR;
				CLANG_WARN_QUOTED_INCLUDE_IN_FRAMEWORK_HEADER = YES;
				CLANG_WARN_RANGE_LOOP_ANALYSIS = YES;
				CLANG_WARN_STRICT_PROTOTYPES = YES;
				CLANG_WARN_SUSPICIOUS_MOVE = YES;
				CLANG_WARN_UNGUARDED_AVAILABILITY = YES_AGGRESSIVE;
				CLANG_WARN_UNREACHABLE_CODE = YES;
				CLANG_WARN__DUPLICATE_METHOD_MATCH = YES;
				COPY_PHASE_STRIP = NO;
				DEBUG_INFORMATION_FORMAT = "dwarf-with-dsym";
				ENABLE_NS_ASSERTIONS = NO;
				ENABLE_STRICT_OBJC_MSGSEND = YES;
				ENABLE_USER_SCRIPT_SANDBOXING = YES;
				GCC_C_LANGUAGE_STANDARD = gnu17;
				GCC_NO_COMMON_BLOCKS = YES;
				GCC_WARN_64_TO_32_BIT_CONVERSION = YES;
				GCC_WARN_ABOUT_RETURN_TYPE = YES_ERROR;
				GCC_WARN_UNDECLARED_SELECTOR = YES;
				GCC_WARN_UNINITIALIZED_AUTOS = YES_AGGRESSIVE;
				GCC_WARN_UNUSED_FUNCTION = YES;
				GCC_WARN_UNUSED_VARIABLE = YES;
				IPHONEOS_DEPLOYMENT_TARGET = 17.2;
				LOCALIZATION_PREFERS_STRING_CATALOGS = YES;
				MTL_ENABLE_DEBUG_INFO = NO;
				MTL_FAST_MATH = YES;
				SDKROOT = iphoneos;
				SWIFT_COMPILATION_MODE = wholemodule;
				VALIDATE_PRODUCT = YES;
			};
			name = Release;
		};
		9D55D2552C220CCF000FEFAB /* Debug */ = {
			isa = XCBuildConfiguration;
			baseConfigurationReference = 9392D355F38E1C3B8C65706D /* Pods-MoviesApp.debug.xcconfig */;
			buildSettings = {
				ASSETCATALOG_COMPILER_APPICON_NAME = AppIcon;
				ASSETCATALOG_COMPILER_GLOBAL_ACCENT_COLOR_NAME = AccentColor;
				CODE_SIGN_STYLE = Automatic;
				CURRENT_PROJECT_VERSION = 1;
				DEVELOPMENT_TEAM = S5NDZSNAZM;
				ENABLE_USER_SCRIPT_SANDBOXING = NO;
				GENERATE_INFOPLIST_FILE = YES;
				INFOPLIST_FILE = MoviesApp/Info.plist;
				INFOPLIST_KEY_UIApplicationSupportsIndirectInputEvents = YES;
				INFOPLIST_KEY_UILaunchStoryboardName = LaunchScreen;
				INFOPLIST_KEY_UIMainStoryboardFile = Main;
				INFOPLIST_KEY_UISupportedInterfaceOrientations_iPad = "UIInterfaceOrientationPortrait UIInterfaceOrientationPortraitUpsideDown UIInterfaceOrientationLandscapeLeft UIInterfaceOrientationLandscapeRight";
				INFOPLIST_KEY_UISupportedInterfaceOrientations_iPhone = "UIInterfaceOrientationPortrait UIInterfaceOrientationLandscapeLeft UIInterfaceOrientationLandscapeRight";
				IPHONEOS_DEPLOYMENT_TARGET = 15.0;
				LD_RUNPATH_SEARCH_PATHS = (
					"$(inherited)",
					"@executable_path/Frameworks",
				);
				MARKETING_VERSION = 1.0;
				PRODUCT_BUNDLE_IDENTIFIER = co.il.MoviesApp;
				PRODUCT_NAME = "$(TARGET_NAME)";
				SWIFT_EMIT_LOC_STRINGS = YES;
				SWIFT_VERSION = 5.0;
				TARGETED_DEVICE_FAMILY = "1,2";
			};
			name = Debug;
		};
		9D55D2562C220CCF000FEFAB /* Release */ = {
			isa = XCBuildConfiguration;
			baseConfigurationReference = 23E580315517AB8C4098C143 /* Pods-MoviesApp.release.xcconfig */;
			buildSettings = {
				ASSETCATALOG_COMPILER_APPICON_NAME = AppIcon;
				ASSETCATALOG_COMPILER_GLOBAL_ACCENT_COLOR_NAME = AccentColor;
				CODE_SIGN_STYLE = Automatic;
				CURRENT_PROJECT_VERSION = 1;
				DEVELOPMENT_TEAM = S5NDZSNAZM;
				ENABLE_USER_SCRIPT_SANDBOXING = NO;
				GENERATE_INFOPLIST_FILE = YES;
				INFOPLIST_FILE = MoviesApp/Info.plist;
				INFOPLIST_KEY_UIApplicationSupportsIndirectInputEvents = YES;
				INFOPLIST_KEY_UILaunchStoryboardName = LaunchScreen;
				INFOPLIST_KEY_UIMainStoryboardFile = Main;
				INFOPLIST_KEY_UISupportedInterfaceOrientations_iPad = "UIInterfaceOrientationPortrait UIInterfaceOrientationPortraitUpsideDown UIInterfaceOrientationLandscapeLeft UIInterfaceOrientationLandscapeRight";
				INFOPLIST_KEY_UISupportedInterfaceOrientations_iPhone = "UIInterfaceOrientationPortrait UIInterfaceOrientationLandscapeLeft UIInterfaceOrientationLandscapeRight";
				IPHONEOS_DEPLOYMENT_TARGET = 15.0;
				LD_RUNPATH_SEARCH_PATHS = (
					"$(inherited)",
					"@executable_path/Frameworks",
				);
				MARKETING_VERSION = 1.0;
				PRODUCT_BUNDLE_IDENTIFIER = co.il.MoviesApp;
				PRODUCT_NAME = "$(TARGET_NAME)";
				SWIFT_EMIT_LOC_STRINGS = YES;
				SWIFT_VERSION = 5.0;
				TARGETED_DEVICE_FAMILY = "1,2";
			};
			name = Release;
		};
		9D55D2582C220CCF000FEFAB /* Debug */ = {
			isa = XCBuildConfiguration;
			baseConfigurationReference = 22EB1E2C012E45E6C063D8C0 /* Pods-MoviesAppTests.debug.xcconfig */;
			buildSettings = {
				ALWAYS_EMBED_SWIFT_STANDARD_LIBRARIES = YES;
				BUNDLE_LOADER = "$(TEST_HOST)";
				CODE_SIGN_STYLE = Automatic;
				CURRENT_PROJECT_VERSION = 1;
				DEVELOPMENT_TEAM = S5NDZSNAZM;
				GENERATE_INFOPLIST_FILE = YES;
				IPHONEOS_DEPLOYMENT_TARGET = 15.0;
				MARKETING_VERSION = 1.0;
				PRODUCT_BUNDLE_IDENTIFIER = co.il.MoviesAppTests;
				PRODUCT_NAME = "$(TARGET_NAME)";
				SWIFT_EMIT_LOC_STRINGS = NO;
				SWIFT_VERSION = 5.0;
				TARGETED_DEVICE_FAMILY = "1,2";
				TEST_HOST = "$(BUILT_PRODUCTS_DIR)/MoviesApp.app/$(BUNDLE_EXECUTABLE_FOLDER_PATH)/MoviesApp";
			};
			name = Debug;
		};
		9D55D2592C220CCF000FEFAB /* Release */ = {
			isa = XCBuildConfiguration;
			baseConfigurationReference = B66D37F6E89E38D4AF544837 /* Pods-MoviesAppTests.release.xcconfig */;
			buildSettings = {
				ALWAYS_EMBED_SWIFT_STANDARD_LIBRARIES = YES;
				BUNDLE_LOADER = "$(TEST_HOST)";
				CODE_SIGN_STYLE = Automatic;
				CURRENT_PROJECT_VERSION = 1;
				DEVELOPMENT_TEAM = S5NDZSNAZM;
				GENERATE_INFOPLIST_FILE = YES;
				IPHONEOS_DEPLOYMENT_TARGET = 15.0;
				MARKETING_VERSION = 1.0;
				PRODUCT_BUNDLE_IDENTIFIER = co.il.MoviesAppTests;
				PRODUCT_NAME = "$(TARGET_NAME)";
				SWIFT_EMIT_LOC_STRINGS = NO;
				SWIFT_VERSION = 5.0;
				TARGETED_DEVICE_FAMILY = "1,2";
				TEST_HOST = "$(BUILT_PRODUCTS_DIR)/MoviesApp.app/$(BUNDLE_EXECUTABLE_FOLDER_PATH)/MoviesApp";
			};
			name = Release;
		};
		9D55D25B2C220CCF000FEFAB /* Debug */ = {
			isa = XCBuildConfiguration;
			baseConfigurationReference = D9392332D22F2969C91C94E1 /* Pods-MoviesApp-MoviesAppUITests.debug.xcconfig */;
			buildSettings = {
				ALWAYS_EMBED_SWIFT_STANDARD_LIBRARIES = YES;
				CODE_SIGN_STYLE = Automatic;
				CURRENT_PROJECT_VERSION = 1;
				DEVELOPMENT_TEAM = S5NDZSNAZM;
				GENERATE_INFOPLIST_FILE = YES;
				IPHONEOS_DEPLOYMENT_TARGET = 15.0;
				MARKETING_VERSION = 1.0;
				PRODUCT_BUNDLE_IDENTIFIER = co.il.MoviesAppUITests;
				PRODUCT_NAME = "$(TARGET_NAME)";
				SWIFT_EMIT_LOC_STRINGS = NO;
				SWIFT_VERSION = 5.0;
				TARGETED_DEVICE_FAMILY = "1,2";
				TEST_TARGET_NAME = MoviesApp;
			};
			name = Debug;
		};
		9D55D25C2C220CCF000FEFAB /* Release */ = {
			isa = XCBuildConfiguration;
			baseConfigurationReference = 6505C2B441050F241ECF0FBA /* Pods-MoviesApp-MoviesAppUITests.release.xcconfig */;
			buildSettings = {
				ALWAYS_EMBED_SWIFT_STANDARD_LIBRARIES = YES;
				CODE_SIGN_STYLE = Automatic;
				CURRENT_PROJECT_VERSION = 1;
				DEVELOPMENT_TEAM = S5NDZSNAZM;
				GENERATE_INFOPLIST_FILE = YES;
				IPHONEOS_DEPLOYMENT_TARGET = 15.0;
				MARKETING_VERSION = 1.0;
				PRODUCT_BUNDLE_IDENTIFIER = co.il.MoviesAppUITests;
				PRODUCT_NAME = "$(TARGET_NAME)";
				SWIFT_EMIT_LOC_STRINGS = NO;
				SWIFT_VERSION = 5.0;
				TARGETED_DEVICE_FAMILY = "1,2";
				TEST_TARGET_NAME = MoviesApp;
			};
			name = Release;
		};
/* End XCBuildConfiguration section */

/* Begin XCConfigurationList section */
		9D55D2252C220CCD000FEFAB /* Build configuration list for PBXProject "MoviesApp" */ = {
			isa = XCConfigurationList;
			buildConfigurations = (
				9D55D2522C220CCF000FEFAB /* Debug */,
				9D55D2532C220CCF000FEFAB /* Release */,
			);
			defaultConfigurationIsVisible = 0;
			defaultConfigurationName = Release;
		};
		9D55D2542C220CCF000FEFAB /* Build configuration list for PBXNativeTarget "MoviesApp" */ = {
			isa = XCConfigurationList;
			buildConfigurations = (
				9D55D2552C220CCF000FEFAB /* Debug */,
				9D55D2562C220CCF000FEFAB /* Release */,
			);
			defaultConfigurationIsVisible = 0;
			defaultConfigurationName = Release;
		};
		9D55D2572C220CCF000FEFAB /* Build configuration list for PBXNativeTarget "MoviesAppTests" */ = {
			isa = XCConfigurationList;
			buildConfigurations = (
				9D55D2582C220CCF000FEFAB /* Debug */,
				9D55D2592C220CCF000FEFAB /* Release */,
			);
			defaultConfigurationIsVisible = 0;
			defaultConfigurationName = Release;
		};
		9D55D25A2C220CCF000FEFAB /* Build configuration list for PBXNativeTarget "MoviesAppUITests" */ = {
			isa = XCConfigurationList;
			buildConfigurations = (
				9D55D25B2C220CCF000FEFAB /* Debug */,
				9D55D25C2C220CCF000FEFAB /* Release */,
			);
			defaultConfigurationIsVisible = 0;
			defaultConfigurationName = Release;
		};
/* End XCConfigurationList section */
	};
	rootObject = 9D55D2222C220CCD000FEFAB /* Project object */;
}
